{
  "object": {
    "pins": [
      {
        "package": "Commander",
        "repositoryURL": "https://github.com/kylef/Commander.git",
        "state": {
          "branch": null,
          "revision": "e5b50ad7b2e91eeb828393e89b03577b16be7db9",
          "version": "0.8.0"
        }
      },
      {
        "package": "KeychainSwift",
        "repositoryURL": "https://github.com/evgenyneu/keychain-swift.git",
        "state": {
          "branch": null,
          "revision": "2c1e4a8fb83c7355fedff93e043c736e10869991",
          "version": "15.0.0"
        }
      },
      {
        "package": "Spectre",
        "repositoryURL": "https://github.com/kylef/Spectre.git",
        "state": {
          "branch": null,
          "revision": "f14ff47f45642aa5703900980b014c2e9394b6e5",
          "version": "0.9.0"
        }
      }
    ]
  },
  "version": 1
}
